
Microsoft Visual Studio Solution File, Format Version 12.00
# Visual Studio Version 17
VisualStudioVersion = 17.9.34728.123
MinimumVisualStudioVersion = 10.0.40219.1
Project("{FAE04EC0-301F-11D3-BF4B-00C04F79EFBC}") = "RiskSystem", "RiskSystem\RiskSystem.csproj", "{4106EDDD-23D0-433B-B907-04847E7688ED}"
EndProject
Global
	GlobalSection(SolutionConfigurationPlatforms) = preSolution
		Debug|Any CPU = Debug|Any CPU
		Release|Any CPU = Release|Any CPU
	EndGlobalSection
	GlobalSection(ProjectConfigurationPlatforms) = postSolution
		{4106EDDD-23D0-433B-B907-04847E7688ED}.Debug|Any CPU.ActiveCfg = Debug|Any CPU
		{4106EDDD-23D0-433B-B907-04847E7688ED}.Debug|Any CPU.Build.0 = Debug|Any CPU
		{4106EDDD-23D0-433B-B907-04847E7688ED}.Release|Any CPU.ActiveCfg = Release|Any CPU
		{4106EDDD-23D0-433B-B907-04847E7688ED}.Release|Any CPU.Build.0 = Release|Any CPU
	EndGlobalSection
	GlobalSection(SolutionProperties) = preSolution
		HideSolutionNode = FALSE
	EndGlobalSection
	GlobalSection(ExtensibilityGlobals) = postSolution
		SolutionGuid = {247C5F68-8348-41BC-A362-E5ED9E9D697D}
	EndGlobalSection
EndGlobal
